// !$*UTF8*$!
{
	archiveVersion = 1;
	classes = {
	};
	objectVersion = 46;
	objects = {

/* Begin PBXBuildFile section */
		F364F6721899ABEC00DEEA17 /* Foundation.framework in Frameworks */ = {isa = PBXBuildFile; fileRef = F364F6711899ABEC00DEEA17 /* Foundation.framework */; };
		F364F6741899ABEC00DEEA17 /* CoreGraphics.framework in Frameworks */ = {isa = PBXBuildFile; fileRef = F364F6731899ABEC00DEEA17 /* CoreGraphics.framework */; };
		F364F6761899ABEC00DEEA17 /* UIKit.framework in Frameworks */ = {isa = PBXBuildFile; fileRef = F364F6751899ABEC00DEEA17 /* UIKit.framework */; };
		F364F67C1899ABEC00DEEA17 /* InfoPlist.strings in Resources */ = {isa = PBXBuildFile; fileRef = F364F67A1899ABEC00DEEA17 /* InfoPlist.strings */; };
		F364F67E1899ABEC00DEEA17 /* main.m in Sources */ = {isa = PBXBuildFile; fileRef = F364F67D1899ABEC00DEEA17 /* main.m */; };
		F364F6821899ABEC00DEEA17 /* HackerPadAppDelegate.m in Sources */ = {isa = PBXBuildFile; fileRef = F364F6811899ABEC00DEEA17 /* HackerPadAppDelegate.m */; };
		F364F6851899ABEC00DEEA17 /* Main.storyboard in Resources */ = {isa = PBXBuildFile; fileRef = F364F6831899ABEC00DEEA17 /* Main.storyboard */; };
		F364F6881899ABEC00DEEA17 /* HackerPadMasterViewController.m in Sources */ = {isa = PBXBuildFile; fileRef = F364F6871899ABEC00DEEA17 /* HackerPadMasterViewController.m */; };
		F364F68B1899ABEC00DEEA17 /* HackerPadDetailViewController.m in Sources */ = {isa = PBXBuildFile; fileRef = F364F68A1899ABEC00DEEA17 /* HackerPadDetailViewController.m */; };
		F364F68D1899ABEC00DEEA17 /* Images.xcassets in Resources */ = {isa = PBXBuildFile; fileRef = F364F68C1899ABEC00DEEA17 /* Images.xcassets */; };
		F364F6941899ABEC00DEEA17 /* XCTest.framework in Frameworks */ = {isa = PBXBuildFile; fileRef = F364F6931899ABEC00DEEA17 /* XCTest.framework */; };
		F364F6951899ABEC00DEEA17 /* Foundation.framework in Frameworks */ = {isa = PBXBuildFile; fileRef = F364F6711899ABEC00DEEA17 /* Foundation.framework */; };
		F364F6961899ABEC00DEEA17 /* UIKit.framework in Frameworks */ = {isa = PBXBuildFile; fileRef = F364F6751899ABEC00DEEA17 /* UIKit.framework */; };
		F364F69E1899ABEC00DEEA17 /* InfoPlist.strings in Resources */ = {isa = PBXBuildFile; fileRef = F364F69C1899ABEC00DEEA17 /* InfoPlist.strings */; };
		F364F6A01899ABEC00DEEA17 /* Hacker_PadTests.m in Sources */ = {isa = PBXBuildFile; fileRef = F364F69F1899ABEC00DEEA17 /* Hacker_PadTests.m */; };
		F364F6AE1899AC8B00DEEA17 /* Story.m in Sources */ = {isa = PBXBuildFile; fileRef = F364F6AD1899AC8B00DEEA17 /* Story.m */; };
/* End PBXBuildFile section */

/* Begin PBXContainerItemProxy section */
		F364F6971899ABEC00DEEA17 /* PBXContainerItemProxy */ = {
			isa = PBXContainerItemProxy;
			containerPortal = F364F6661899ABEC00DEEA17 /* Project object */;
			proxyType = 1;
			remoteGlobalIDString = F364F66D1899ABEC00DEEA17;
			remoteInfo = "Hacker Pad";
		};
/* End PBXContainerItemProxy section */

/* Begin PBXFileReference section */
		F364F66E1899ABEC00DEEA17 /* Hacker Pad.app */ = {isa = PBXFileReference; explicitFileType = wrapper.application; includeInIndex = 0; path = "Hacker Pad.app"; sourceTree = BUILT_PRODUCTS_DIR; };
		F364F6711899ABEC00DEEA17 /* Foundation.framework */ = {isa = PBXFileReference; lastKnownFileType = wrapper.framework; name = Foundation.framework; path = System/Library/Frameworks/Foundation.framework; sourceTree = SDKROOT; };
		F364F6731899ABEC00DEEA17 /* CoreGraphics.framework */ = {isa = PBXFileReference; lastKnownFileType = wrapper.framework; name = CoreGraphics.framework; path = System/Library/Frameworks/CoreGraphics.framework; sourceTree = SDKROOT; };
		F364F6751899ABEC00DEEA17 /* UIKit.framework */ = {isa = PBXFileReference; lastKnownFileType = wrapper.framework; name = UIKit.framework; path = System/Library/Frameworks/UIKit.framework; sourceTree = SDKROOT; };
		F364F6791899ABEC00DEEA17 /* Hacker Pad-Info.plist */ = {isa = PBXFileReference; lastKnownFileType = text.plist.xml; path = "Hacker Pad-Info.plist"; sourceTree = "<group>"; };
		F364F67B1899ABEC00DEEA17 /* en */ = {isa = PBXFileReference; lastKnownFileType = text.plist.strings; name = en; path = en.lproj/InfoPlist.strings; sourceTree = "<group>"; };
		F364F67D1899ABEC00DEEA17 /* main.m */ = {isa = PBXFileReference; lastKnownFileType = sourcecode.c.objc; path = main.m; sourceTree = "<group>"; };
		F364F67F1899ABEC00DEEA17 /* Hacker Pad-Prefix.pch */ = {isa = PBXFileReference; lastKnownFileType = sourcecode.c.h; path = "Hacker Pad-Prefix.pch"; sourceTree = "<group>"; };
		F364F6801899ABEC00DEEA17 /* HackerPadAppDelegate.h */ = {isa = PBXFileReference; lastKnownFileType = sourcecode.c.h; path = HackerPadAppDelegate.h; sourceTree = "<group>"; };
		F364F6811899ABEC00DEEA17 /* HackerPadAppDelegate.m */ = {isa = PBXFileReference; lastKnownFileType = sourcecode.c.objc; path = HackerPadAppDelegate.m; sourceTree = "<group>"; };
		F364F6841899ABEC00DEEA17 /* Base */ = {isa = PBXFileReference; lastKnownFileType = file.storyboard; name = Base; path = Base.lproj/Main.storyboard; sourceTree = "<group>"; };
		F364F6861899ABEC00DEEA17 /* HackerPadMasterViewController.h */ = {isa = PBXFileReference; lastKnownFileType = sourcecode.c.h; path = HackerPadMasterViewController.h; sourceTree = "<group>"; };
		F364F6871899ABEC00DEEA17 /* HackerPadMasterViewController.m */ = {isa = PBXFileReference; lastKnownFileType = sourcecode.c.objc; path = HackerPadMasterViewController.m; sourceTree = "<group>"; };
		F364F6891899ABEC00DEEA17 /* HackerPadDetailViewController.h */ = {isa = PBXFileReference; lastKnownFileType = sourcecode.c.h; path = HackerPadDetailViewController.h; sourceTree = "<group>"; };
		F364F68A1899ABEC00DEEA17 /* HackerPadDetailViewController.m */ = {isa = PBXFileReference; lastKnownFileType = sourcecode.c.objc; path = HackerPadDetailViewController.m; sourceTree = "<group>"; };
		F364F68C1899ABEC00DEEA17 /* Images.xcassets */ = {isa = PBXFileReference; lastKnownFileType = folder.assetcatalog; path = Images.xcassets; sourceTree = "<group>"; };
		F364F6921899ABEC00DEEA17 /* Hacker PadTests.xctest */ = {isa = PBXFileReference; explicitFileType = wrapper.cfbundle; includeInIndex = 0; path = "Hacker PadTests.xctest"; sourceTree = BUILT_PRODUCTS_DIR; };
		F364F6931899ABEC00DEEA17 /* XCTest.framework */ = {isa = PBXFileReference; lastKnownFileType = wrapper.framework; name = XCTest.framework; path = Library/Frameworks/XCTest.framework; sourceTree = DEVELOPER_DIR; };
		F364F69B1899ABEC00DEEA17 /* Hacker PadTests-Info.plist */ = {isa = PBXFileReference; lastKnownFileType = text.plist.xml; path = "Hacker PadTests-Info.plist"; sourceTree = "<group>"; };
		F364F69D1899ABEC00DEEA17 /* en */ = {isa = PBXFileReference; lastKnownFileType = text.plist.strings; name = en; path = en.lproj/InfoPlist.strings; sourceTree = "<group>"; };
		F364F69F1899ABEC00DEEA17 /* Hacker_PadTests.m */ = {isa = PBXFileReference; lastKnownFileType = sourcecode.c.objc; path = Hacker_PadTests.m; sourceTree = "<group>"; };
		F364F6AC1899AC8B00DEEA17 /* Story.h */ = {isa = PBXFileReference; fileEncoding = 4; lastKnownFileType = sourcecode.c.h; path = Story.h; sourceTree = "<group>"; };
		F364F6AD1899AC8B00DEEA17 /* Story.m */ = {isa = PBXFileReference; fileEncoding = 4; lastKnownFileType = sourcecode.c.objc; path = Story.m; sourceTree = "<group>"; };
/* End PBXFileReference section */

/* Begin PBXFrameworksBuildPhase section */
		F364F66B1899ABEC00DEEA17 /* Frameworks */ = {
			isa = PBXFrameworksBuildPhase;
			buildActionMask = 2147483647;
			files = (
				F364F6741899ABEC00DEEA17 /* CoreGraphics.framework in Frameworks */,
				F364F6761899ABEC00DEEA17 /* UIKit.framework in Frameworks */,
				F364F6721899ABEC00DEEA17 /* Foundation.framework in Frameworks */,
			);
			runOnlyForDeploymentPostprocessing = 0;
		};
		F364F68F1899ABEC00DEEA17 /* Frameworks */ = {
			isa = PBXFrameworksBuildPhase;
			buildActionMask = 2147483647;
			files = (
				F364F6941899ABEC00DEEA17 /* XCTest.framework in Frameworks */,
				F364F6961899ABEC00DEEA17 /* UIKit.framework in Frameworks */,
				F364F6951899ABEC00DEEA17 /* Foundation.framework in Frameworks */,
			);
			runOnlyForDeploymentPostprocessing = 0;
		};
/* End PBXFrameworksBuildPhase section */

/* Begin PBXGroup section */
		F364F6651899ABEC00DEEA17 = {
			isa = PBXGroup;
			children = (
				F364F6771899ABEC00DEEA17 /* Hacker Pad */,
				F364F6991899ABEC00DEEA17 /* Hacker PadTests */,
				F364F6701899ABEC00DEEA17 /* Frameworks */,
				F364F66F1899ABEC00DEEA17 /* Products */,
			);
			sourceTree = "<group>";
		};
		F364F66F1899ABEC00DEEA17 /* Products */ = {
			isa = PBXGroup;
			children = (
				F364F66E1899ABEC00DEEA17 /* Hacker Pad.app */,
				F364F6921899ABEC00DEEA17 /* Hacker PadTests.xctest */,
			);
			name = Products;
			sourceTree = "<group>";
		};
		F364F6701899ABEC00DEEA17 /* Frameworks */ = {
			isa = PBXGroup;
			children = (
				F364F6711899ABEC00DEEA17 /* Foundation.framework */,
				F364F6731899ABEC00DEEA17 /* CoreGraphics.framework */,
				F364F6751899ABEC00DEEA17 /* UIKit.framework */,
				F364F6931899ABEC00DEEA17 /* XCTest.framework */,
			);
			name = Frameworks;
			sourceTree = "<group>";
		};
		F364F6771899ABEC00DEEA17 /* Hacker Pad */ = {
			isa = PBXGroup;
			children = (
				F364F6AB1899AC1200DEEA17 /* other */,
				F364F6AA1899AC0800DEEA17 /* view */,
				F364F6A91899AC0300DEEA17 /* model */,
			);
			path = "Hacker Pad";
			sourceTree = "<group>";
		};
		F364F6991899ABEC00DEEA17 /* Hacker PadTests */ = {
			isa = PBXGroup;
			children = (
				F364F69F1899ABEC00DEEA17 /* Hacker_PadTests.m */,
				F364F69A1899ABEC00DEEA17 /* Supporting Files */,
			);
			path = "Hacker PadTests";
			sourceTree = "<group>";
		};
		F364F69A1899ABEC00DEEA17 /* Supporting Files */ = {
			isa = PBXGroup;
			children = (
				F364F69B1899ABEC00DEEA17 /* Hacker PadTests-Info.plist */,
				F364F69C1899ABEC00DEEA17 /* InfoPlist.strings */,
			);
			name = "Supporting Files";
			sourceTree = "<group>";
		};
		F364F6A91899AC0300DEEA17 /* model */ = {
			isa = PBXGroup;
			children = (
				F364F6AC1899AC8B00DEEA17 /* Story.h */,
				F364F6AD1899AC8B00DEEA17 /* Story.m */,
			);
			name = model;
			sourceTree = "<group>";
		};
		F364F6AA1899AC0800DEEA17 /* view */ = {
			isa = PBXGroup;
			children = (
				F364F6831899ABEC00DEEA17 /* Main.storyboard */,
				F364F6861899ABEC00DEEA17 /* HackerPadMasterViewController.h */,
				F364F6871899ABEC00DEEA17 /* HackerPadMasterViewController.m */,
				F364F6891899ABEC00DEEA17 /* HackerPadDetailViewController.h */,
				F364F68A1899ABEC00DEEA17 /* HackerPadDetailViewController.m */,
			);
			name = view;
			sourceTree = "<group>";
		};
		F364F6AB1899AC1200DEEA17 /* other */ = {
			isa = PBXGroup;
			children = (
				F364F6801899ABEC00DEEA17 /* HackerPadAppDelegate.h */,
				F364F6811899ABEC00DEEA17 /* HackerPadAppDelegate.m */,
				F364F68C1899ABEC00DEEA17 /* Images.xcassets */,
				F364F6791899ABEC00DEEA17 /* Hacker Pad-Info.plist */,
				F364F67A1899ABEC00DEEA17 /* InfoPlist.strings */,
				F364F67D1899ABEC00DEEA17 /* main.m */,
				F364F67F1899ABEC00DEEA17 /* Hacker Pad-Prefix.pch */,
			);
			name = other;
			sourceTree = "<group>";
		};
/* End PBXGroup section */

/* Begin PBXNativeTarget section */
		F364F66D1899ABEC00DEEA17 /* Hacker Pad */ = {
			isa = PBXNativeTarget;
			buildConfigurationList = F364F6A31899ABEC00DEEA17 /* Build configuration list for PBXNativeTarget "Hacker Pad" */;
			buildPhases = (
				F364F66A1899ABEC00DEEA17 /* Sources */,
				F364F66B1899ABEC00DEEA17 /* Frameworks */,
				F364F66C1899ABEC00DEEA17 /* Resources */,
			);
			buildRules = (
			);
			dependencies = (
			);
			name = "Hacker Pad";
			productName = "Hacker Pad";
			productReference = F364F66E1899ABEC00DEEA17 /* Hacker Pad.app */;
			productType = "com.apple.product-type.application";
		};
		F364F6911899ABEC00DEEA17 /* Hacker PadTests */ = {
			isa = PBXNativeTarget;
			buildConfigurationList = F364F6A61899ABEC00DEEA17 /* Build configuration list for PBXNativeTarget "Hacker PadTests" */;
			buildPhases = (
				F364F68E1899ABEC00DEEA17 /* Sources */,
				F364F68F1899ABEC00DEEA17 /* Frameworks */,
				F364F6901899ABEC00DEEA17 /* Resources */,
			);
			buildRules = (
			);
			dependencies = (
				F364F6981899ABEC00DEEA17 /* PBXTargetDependency */,
			);
			name = "Hacker PadTests";
			productName = "Hacker PadTests";
			productReference = F364F6921899ABEC00DEEA17 /* Hacker PadTests.xctest */;
			productType = "com.apple.product-type.bundle.unit-test";
		};
/* End PBXNativeTarget section */

/* Begin PBXProject section */
		F364F6661899ABEC00DEEA17 /* Project object */ = {
			isa = PBXProject;
			attributes = {
				CLASSPREFIX = HackerPad;
				LastUpgradeCheck = 0500;
				ORGANIZATIONNAME = "Shubhro Saha";
				TargetAttributes = {
					F364F66D1899ABEC00DEEA17 = {
						DevelopmentTeam = GN83P4U94K;
					};
					F364F6911899ABEC00DEEA17 = {
						TestTargetID = F364F66D1899ABEC00DEEA17;
					};
				};
			};
			buildConfigurationList = F364F6691899ABEC00DEEA17 /* Build configuration list for PBXProject "Hacker Pad" */;
			compatibilityVersion = "Xcode 3.2";
			developmentRegion = English;
			hasScannedForEncodings = 0;
			knownRegions = (
				en,
				Base,
			);
			mainGroup = F364F6651899ABEC00DEEA17;
			productRefGroup = F364F66F1899ABEC00DEEA17 /* Products */;
			projectDirPath = "";
			projectRoot = "";
			targets = (
				F364F66D1899ABEC00DEEA17 /* Hacker Pad */,
				F364F6911899ABEC00DEEA17 /* Hacker PadTests */,
			);
		};
/* End PBXProject section */

/* Begin PBXResourcesBuildPhase section */
		F364F66C1899ABEC00DEEA17 /* Resources */ = {
			isa = PBXResourcesBuildPhase;
			buildActionMask = 2147483647;
			files = (
				F364F68D1899ABEC00DEEA17 /* Images.xcassets in Resources */,
				F364F67C1899ABEC00DEEA17 /* InfoPlist.strings in Resources */,
				F364F6851899ABEC00DEEA17 /* Main.storyboard in Resources */,
			);
			runOnlyForDeploymentPostprocessing = 0;
		};
		F364F6901899ABEC00DEEA17 /* Resources */ = {
			isa = PBXResourcesBuildPhase;
			buildActionMask = 2147483647;
			files = (
				F364F69E1899ABEC00DEEA17 /* InfoPlist.strings in Resources */,
			);
			runOnlyForDeploymentPostprocessing = 0;
		};
/* End PBXResourcesBuildPhase section */

/* Begin PBXSourcesBuildPhase section */
		F364F66A1899ABEC00DEEA17 /* Sources */ = {
			isa = PBXSourcesBuildPhase;
			buildActionMask = 2147483647;
			files = (
				F364F6881899ABEC00DEEA17 /* HackerPadMasterViewController.m in Sources */,
				F364F6821899ABEC00DEEA17 /* HackerPadAppDelegate.m in Sources */,
				F364F67E1899ABEC00DEEA17 /* main.m in Sources */,
				F364F6AE1899AC8B00DEEA17 /* Story.m in Sources */,
				F364F68B1899ABEC00DEEA17 /* HackerPadDetailViewController.m in Sources */,
			);
			runOnlyForDeploymentPostprocessing = 0;
		};
		F364F68E1899ABEC00DEEA17 /* Sources */ = {
			isa = PBXSourcesBuildPhase;
			buildActionMask = 2147483647;
			files = (
				F364F6A01899ABEC00DEEA17 /* Hacker_PadTests.m in Sources */,
			);
			runOnlyForDeploymentPostprocessing = 0;
		};
/* End PBXSourcesBuildPhase section */

/* Begin PBXTargetDependency section */
		F364F6981899ABEC00DEEA17 /* PBXTargetDependency */ = {
			isa = PBXTargetDependency;
			target = F364F66D1899ABEC00DEEA17 /* Hacker Pad */;
			targetProxy = F364F6971899ABEC00DEEA17 /* PBXContainerItemProxy */;
		};
/* End PBXTargetDependency section */

/* Begin PBXVariantGroup section */
		F364F67A1899ABEC00DEEA17 /* InfoPlist.strings */ = {
			isa = PBXVariantGroup;
			children = (
				F364F67B1899ABEC00DEEA17 /* en */,
			);
			name = InfoPlist.strings;
			sourceTree = "<group>";
		};
		F364F6831899ABEC00DEEA17 /* Main.storyboard */ = {
			isa = PBXVariantGroup;
			children = (
				F364F6841899ABEC00DEEA17 /* Base */,
			);
			name = Main.storyboard;
			sourceTree = "<group>";
		};
		F364F69C1899ABEC00DEEA17 /* InfoPlist.strings */ = {
			isa = PBXVariantGroup;
			children = (
				F364F69D1899ABEC00DEEA17 /* en */,
			);
			name = InfoPlist.strings;
			sourceTree = "<group>";
		};
/* End PBXVariantGroup section */

/* Begin XCBuildConfiguration section */
		F364F6A11899ABEC00DEEA17 /* Debug */ = {
			isa = XCBuildConfiguration;
			buildSettings = {
				ALWAYS_SEARCH_USER_PATHS = NO;
				ARCHS = "$(ARCHS_STANDARD_INCLUDING_64_BIT)";
				CLANG_CXX_LANGUAGE_STANDARD = "gnu++0x";
				CLANG_CXX_LIBRARY = "libc++";
				CLANG_ENABLE_MODULES = YES;
				CLANG_ENABLE_OBJC_ARC = YES;
				CLANG_WARN_BOOL_CONVERSION = YES;
				CLANG_WARN_CONSTANT_CONVERSION = YES;
				CLANG_WARN_DIRECT_OBJC_ISA_USAGE = YES_ERROR;
				CLANG_WARN_EMPTY_BODY = YES;
				CLANG_WARN_ENUM_CONVERSION = YES;
				CLANG_WARN_INT_CONVERSION = YES;
				CLANG_WARN_OBJC_ROOT_CLASS = YES_ERROR;
				CLANG_WARN__DUPLICATE_METHOD_MATCH = YES;
				"CODE_SIGN_IDENTITY[sdk=iphoneos*]" = "iPhone Developer";
				COPY_PHASE_STRIP = NO;
				GCC_C_LANGUAGE_STANDARD = gnu99;
				GCC_DYNAMIC_NO_PIC = NO;
				GCC_OPTIMIZATION_LEVEL = 0;
				GCC_PREPROCESSOR_DEFINITIONS = (
					"DEBUG=1",
					"$(inherited)",
				);
				GCC_SYMBOLS_PRIVATE_EXTERN = NO;
				GCC_WARN_64_TO_32_BIT_CONVERSION = YES;
				GCC_WARN_ABOUT_RETURN_TYPE = YES_ERROR;
				GCC_WARN_UNDECLARED_SELECTOR = YES;
				GCC_WARN_UNINITIALIZED_AUTOS = YES;
				GCC_WARN_UNUSED_FUNCTION = YES;
				GCC_WARN_UNUSED_VARIABLE = YES;
				IPHONEOS_DEPLOYMENT_TARGET = 7.0;
				ONLY_ACTIVE_ARCH = YES;
				SDKROOT = iphoneos;
			};
			name = Debug;
		};
		F364F6A21899ABEC00DEEA17 /* Release */ = {
			isa = XCBuildConfiguration;
			buildSettings = {
				ALWAYS_SEARCH_USER_PATHS = NO;
				ARCHS = "$(ARCHS_STANDARD_INCLUDING_64_BIT)";
				CLANG_CXX_LANGUAGE_STANDARD = "gnu++0x";
				CLANG_CXX_LIBRARY = "libc++";
				CLANG_ENABLE_MODULES = YES;
				CLANG_ENABLE_OBJC_ARC = YES;
				CLANG_WARN_BOOL_CONVERSION = YES;
				CLANG_WARN_CONSTANT_CONVERSION = YES;
				CLANG_WARN_DIRECT_OBJC_ISA_USAGE = YES_ERROR;
				CLANG_WARN_EMPTY_BODY = YES;
				CLANG_WARN_ENUM_CONVERSION = YES;
				CLANG_WARN_INT_CONVERSION = YES;
				CLANG_WARN_OBJC_ROOT_CLASS = YES_ERROR;
				CLANG_WARN__DUPLICATE_METHOD_MATCH = YES;
				"CODE_SIGN_IDENTITY[sdk=iphoneos*]" = "iPhone Developer";
				COPY_PHASE_STRIP = YES;
				ENABLE_NS_ASSERTIONS = NO;
				GCC_C_LANGUAGE_STANDARD = gnu99;
				GCC_WARN_64_TO_32_BIT_CONVERSION = YES;
				GCC_WARN_ABOUT_RETURN_TYPE = YES_ERROR;
				GCC_WARN_UNDECLARED_SELECTOR = YES;
				GCC_WARN_UNINITIALIZED_AUTOS = YES;
				GCC_WARN_UNUSED_FUNCTION = YES;
				GCC_WARN_UNUSED_VARIABLE = YES;
				IPHONEOS_DEPLOYMENT_TARGET = 7.0;
				SDKROOT = iphoneos;
				VALIDATE_PRODUCT = YES;
			};
			name = Release;
		};
		F364F6A41899ABEC00DEEA17 /* Debug */ = {
			isa = XCBuildConfiguration;
			buildSettings = {
				ASSETCATALOG_COMPILER_APPICON_NAME = AppIcon;
				ASSETCATALOG_COMPILER_LAUNCHIMAGE_NAME = LaunchImage;
				CODE_SIGN_IDENTITY = "iPhone Developer";
				"CODE_SIGN_IDENTITY[sdk=iphoneos*]" = "iPhone Developer";
				GCC_PRECOMPILE_PREFIX_HEADER = YES;
				GCC_PREFIX_HEADER = "Hacker Pad/Hacker Pad-Prefix.pch";
				INFOPLIST_FILE = "Hacker Pad/Hacker Pad-Info.plist";
				PRODUCT_NAME = "$(TARGET_NAME)";
				PROVISIONING_PROFILE = "";
				WRAPPER_EXTENSION = app;
			};
			name = Debug;
		};
		F364F6A51899ABEC00DEEA17 /* Release */ = {
			isa = XCBuildConfiguration;
			buildSettings = {
				ASSETCATALOG_COMPILER_APPICON_NAME = AppIcon;
				ASSETCATALOG_COMPILER_LAUNCHIMAGE_NAME = LaunchImage;
				CODE_SIGN_IDENTITY = "iPhone Developer";
				"CODE_SIGN_IDENTITY[sdk=iphoneos*]" = "iPhone Developer";
				GCC_PRECOMPILE_PREFIX_HEADER = YES;
				GCC_PREFIX_HEADER = "Hacker Pad/Hacker Pad-Prefix.pch";
				INFOPLIST_FILE = "Hacker Pad/Hacker Pad-Info.plist";
				PRODUCT_NAME = "$(TARGET_NAME)";
				PROVISIONING_PROFILE = "";
				WRAPPER_EXTENSION = app;
			};
			name = Release;
		};
		F364F6A71899ABEC00DEEA17 /* Debug */ = {
			isa = XCBuildConfiguration;
			buildSettings = {
				ARCHS = "$(ARCHS_STANDARD_INCLUDING_64_BIT)";
				BUNDLE_LOADER = "$(BUILT_PRODUCTS_DIR)/Hacker Pad.app/Hacker Pad";
				FRAMEWORK_SEARCH_PATHS = (
					"$(SDKROOT)/Developer/Library/Frameworks",
					"$(inherited)",
					"$(DEVELOPER_FRAMEWORKS_DIR)",
				);
				GCC_PRECOMPILE_PREFIX_HEADER = YES;
				GCC_PREFIX_HEADER = "Hacker Pad/Hacker Pad-Prefix.pch";
				GCC_PREPROCESSOR_DEFINITIONS = (
					"DEBUG=1",
					"$(inherited)",
				);
				INFOPLIST_FILE = "Hacker PadTests/Hacker PadTests-Info.plist";
				PRODUCT_NAME = "$(TARGET_NAME)";
				TEST_HOST = "$(BUNDLE_LOADER)";
				WRAPPER_EXTENSION = xctest;
			};
			name = Debug;
		};
		F364F6A81899ABEC00DEEA17 /* Release */ = {
			isa = XCBuildConfiguration;
			buildSettings = {
				ARCHS = "$(ARCHS_STANDARD_INCLUDING_64_BIT)";
				BUNDLE_LOADER = "$(BUILT_PRODUCTS_DIR)/Hacker Pad.app/Hacker Pad";
				FRAMEWORK_SEARCH_PATHS = (
					"$(SDKROOT)/Developer/Library/Frameworks",
					"$(inherited)",
					"$(DEVELOPER_FRAMEWORKS_DIR)",
				);
				GCC_PRECOMPILE_PREFIX_HEADER = YES;
				GCC_PREFIX_HEADER = "Hacker Pad/Hacker Pad-Prefix.pch";
				INFOPLIST_FILE = "Hacker PadTests/Hacker PadTests-Info.plist";
				PRODUCT_NAME = "$(TARGET_NAME)";
				TEST_HOST = "$(BUNDLE_LOADER)";
				WRAPPER_EXTENSION = xctest;
			};
			name = Release;
		};
/* End XCBuildConfiguration section */

/* Begin XCConfigurationList section */
		F364F6691899ABEC00DEEA17 /* Build configuration list for PBXProject "Hacker Pad" */ = {
			isa = XCConfigurationList;
			buildConfigurations = (
				F364F6A11899ABEC00DEEA17 /* Debug */,
				F364F6A21899ABEC00DEEA17 /* Release */,
			);
			defaultConfigurationIsVisible = 0;
			defaultConfigurationName = Release;
		};
		F364F6A31899ABEC00DEEA17 /* Build configuration list for PBXNativeTarget "Hacker Pad" */ = {
			isa = XCConfigurationList;
			buildConfigurations = (
				F364F6A41899ABEC00DEEA17 /* Debug */,
				F364F6A51899ABEC00DEEA17 /* Release */,
			);
			defaultConfigurationIsVisible = 0;
			defaultConfigurationName = Release;
		};
		F364F6A61899ABEC00DEEA17 /* Build configuration list for PBXNativeTarget "Hacker PadTests" */ = {
			isa = XCConfigurationList;
			buildConfigurations = (
				F364F6A71899ABEC00DEEA17 /* Debug */,
				F364F6A81899ABEC00DEEA17 /* Release */,
			);
			defaultConfigurationIsVisible = 0;
			defaultConfigurationName = Release;
		};
/* End XCConfigurationList section */
	};
	rootObject = F364F6661899ABEC00DEEA17 /* Project object */;
}
